<?xml version="1.0" encoding="utf-8"?>
<Project ToolsVersion="4.0" xmlns="http://schemas.microsoft.com/developer/msbuild/2003">
  <ItemGroup>
    <Filter Include="include">
      <UniqueIdentifier>{5d85ef88-b630-45d6-9124-1bbf5950f700}</UniqueIdentifier>
    </Filter>
    <Filter Include="source">
      <UniqueIdentifier>{185a3f96-69a2-42e3-94b8-395bbabd5de5}</UniqueIdentifier>
    </Filter>
    <Filter Include="source\libiconv">
      <UniqueIdentifier>{bcdbe2d6-9e7a-44d3-bf1b-45852ec95d81}</UniqueIdentifier>
    </Filter>
  </ItemGroup>
  <ItemGroup>
    <ClInclude Include="..\..\include\XLA\Encoding\Encoding.hpp">
      <Filter>include</Filter>
    </ClInclude>
    <ClInclude Include="..\..\include\XLA\Encoding\EncodingInfo.hpp">
      <Filter>include</Filter>
    </ClInclude>
    <ClInclude Include="..\..\include\XLA\Encoding\UTF16Encoding.hpp">
      <Filter>include</Filter>
    </ClInclude>
    <ClInclude Include="..\..\include\XLA\Encoding\UTF32Encoding.hpp">
      <Filter>include</Filter>
    </ClInclude>
    <ClInclude Include="..\..\include\XLA\Encoding\UTF7Encoding.hpp">
      <Filter>include</Filter>
    </ClInclude>
    <ClInclude Include="..\..\include\XLA\Encoding\UTF8Encoding.hpp">
      <Filter>include</Filter>
    </ClInclude>
    <ClInclude Include="..\..\source\Encoding\EncodingFunction.hpp">
      <Filter>source</Filter>
    </ClInclude>
    <ClInclude Include="..\..\source\Encoding\EncodingLinkinfo.hpp">
      <Filter>source</Filter>
    </ClInclude>
    <ClInclude Include="..\..\source\Encoding\libiconv\utf8.h">
      <Filter>source\libiconv</Filter>
    </ClInclude>
  </ItemGroup>
  <ItemGroup>
    <ClCompile Include="..\..\source\Encoding\Encoding.cpp">
      <Filter>source</Filter>
    </ClCompile>
    <ClCompile Include="..\..\source\Encoding\UTF16Encoding.cpp">
      <Filter>source</Filter>
    </ClCompile>
    <ClCompile Include="..\..\source\Encoding\UTF32Encoding.cpp">
      <Filter>source</Filter>
    </ClCompile>
    <ClCompile Include="..\..\source\Encoding\UTF7Encoding.cpp">
      <Filter>source</Filter>
    </ClCompile>
    <ClCompile Include="..\..\source\Encoding\UTF8Encoding.cpp">
      <Filter>source</Filter>
    </ClCompile>
  </ItemGroup>
</Project>